// !$*UTF8*$!
{
	archiveVersion = 1;
	classes = {
	};
	objectVersion = 56;
	objects = {

/* Begin PBXBuildFile section */
		4EB6743C2B56C6B700A1E2C1 /* SwiftUIPracticeApp.swift in Sources */ = {isa = PBXBuildFile; fileRef = 4EB6743B2B56C6B700A1E2C1 /* SwiftUIPracticeApp.swift */; };
		4EB6743E2B56C6B700A1E2C1 /* ContentView.swift in Sources */ = {isa = PBXBuildFile; fileRef = 4EB6743D2B56C6B700A1E2C1 /* ContentView.swift */; };
		4EB674402B56C6B900A1E2C1 /* Assets.xcassets in Resources */ = {isa = PBXBuildFile; fileRef = 4EB6743F2B56C6B900A1E2C1 /* Assets.xcassets */; };
		4EB674432B56C6B900A1E2C1 /* Preview Assets.xcassets in Resources */ = {isa = PBXBuildFile; fileRef = 4EB674422B56C6B900A1E2C1 /* Preview Assets.xcassets */; };
		4EB674452B56C6B900A1E2C1 /* Persistence.swift in Sources */ = {isa = PBXBuildFile; fileRef = 4EB674442B56C6B900A1E2C1 /* Persistence.swift */; };
		4EB674482B56C6B900A1E2C1 /* SwiftUIPractice.xcdatamodeld in Sources */ = {isa = PBXBuildFile; fileRef = 4EB674462B56C6B900A1E2C1 /* SwiftUIPractice.xcdatamodeld */; };
		4EB674522B56C6B900A1E2C1 /* SwiftUIPracticeTests.swift in Sources */ = {isa = PBXBuildFile; fileRef = 4EB674512B56C6B900A1E2C1 /* SwiftUIPracticeTests.swift */; };
		4EB6745C2B56C6B900A1E2C1 /* SwiftUIPracticeUITests.swift in Sources */ = {isa = PBXBuildFile; fileRef = 4EB6745B2B56C6B900A1E2C1 /* SwiftUIPracticeUITests.swift */; };
		4EB6745E2B56C6B900A1E2C1 /* SwiftUIPracticeUITestsLaunchTests.swift in Sources */ = {isa = PBXBuildFile; fileRef = 4EB6745D2B56C6B900A1E2C1 /* SwiftUIPracticeUITestsLaunchTests.swift */; };
		4EC501CD2B56D81600DAFEE4 /* Project1.swift in Sources */ = {isa = PBXBuildFile; fileRef = 4EC501CC2B56D81600DAFEE4 /* Project1.swift */; };
		4EC501CF2B56D8F600DAFEE4 /* Project1part2.swift in Sources */ = {isa = PBXBuildFile; fileRef = 4EC501CE2B56D8F600DAFEE4 /* Project1part2.swift */; };
/* End PBXBuildFile section */

/* Begin PBXContainerItemProxy section */
		4EB6744E2B56C6B900A1E2C1 /* PBXContainerItemProxy */ = {
			isa = PBXContainerItemProxy;
			containerPortal = 4EB674302B56C6B700A1E2C1 /* Project object */;
			proxyType = 1;
			remoteGlobalIDString = 4EB674372B56C6B700A1E2C1;
			remoteInfo = SwiftUIPractice;
		};
		4EB674582B56C6B900A1E2C1 /* PBXContainerItemProxy */ = {
			isa = PBXContainerItemProxy;
			containerPortal = 4EB674302B56C6B700A1E2C1 /* Project object */;
			proxyType = 1;
			remoteGlobalIDString = 4EB674372B56C6B700A1E2C1;
			remoteInfo = SwiftUIPractice;
		};
/* End PBXContainerItemProxy section */

/* Begin PBXFileReference section */
		4EB674382B56C6B700A1E2C1 /* SwiftUIPractice.app */ = {isa = PBXFileReference; explicitFileType = wrapper.application; includeInIndex = 0; path = SwiftUIPractice.app; sourceTree = BUILT_PRODUCTS_DIR; };
		4EB6743B2B56C6B700A1E2C1 /* SwiftUIPracticeApp.swift */ = {isa = PBXFileReference; lastKnownFileType = sourcecode.swift; path = SwiftUIPracticeApp.swift; sourceTree = "<group>"; };
		4EB6743D2B56C6B700A1E2C1 /* ContentView.swift */ = {isa = PBXFileReference; lastKnownFileType = sourcecode.swift; path = ContentView.swift; sourceTree = "<group>"; };
		4EB6743F2B56C6B900A1E2C1 /* Assets.xcassets */ = {isa = PBXFileReference; lastKnownFileType = folder.assetcatalog; path = Assets.xcassets; sourceTree = "<group>"; };
		4EB674422B56C6B900A1E2C1 /* Preview Assets.xcassets */ = {isa = PBXFileReference; lastKnownFileType = folder.assetcatalog; path = "Preview Assets.xcassets"; sourceTree = "<group>"; };
		4EB674442B56C6B900A1E2C1 /* Persistence.swift */ = {isa = PBXFileReference; lastKnownFileType = sourcecode.swift; path = Persistence.swift; sourceTree = "<group>"; };
		4EB674472B56C6B900A1E2C1 /* SwiftUIPractice.xcdatamodel */ = {isa = PBXFileReference; lastKnownFileType = wrapper.xcdatamodel; path = SwiftUIPractice.xcdatamodel; sourceTree = "<group>"; };
		4EB6744D2B56C6B900A1E2C1 /* SwiftUIPracticeTests.xctest */ = {isa = PBXFileReference; explicitFileType = wrapper.cfbundle; includeInIndex = 0; path = SwiftUIPracticeTests.xctest; sourceTree = BUILT_PRODUCTS_DIR; };
		4EB674512B56C6B900A1E2C1 /* SwiftUIPracticeTests.swift */ = {isa = PBXFileReference; lastKnownFileType = sourcecode.swift; path = SwiftUIPracticeTests.swift; sourceTree = "<group>"; };
		4EB674572B56C6B900A1E2C1 /* SwiftUIPracticeUITests.xctest */ = {isa = PBXFileReference; explicitFileType = wrapper.cfbundle; includeInIndex = 0; path = SwiftUIPracticeUITests.xctest; sourceTree = BUILT_PRODUCTS_DIR; };
		4EB6745B2B56C6B900A1E2C1 /* SwiftUIPracticeUITests.swift */ = {isa = PBXFileReference; lastKnownFileType = sourcecode.swift; path = SwiftUIPracticeUITests.swift; sourceTree = "<group>"; };
		4EB6745D2B56C6B900A1E2C1 /* SwiftUIPracticeUITestsLaunchTests.swift */ = {isa = PBXFileReference; lastKnownFileType = sourcecode.swift; path = SwiftUIPracticeUITestsLaunchTests.swift; sourceTree = "<group>"; };
		4EC501CC2B56D81600DAFEE4 /* Project1.swift */ = {isa = PBXFileReference; lastKnownFileType = sourcecode.swift; path = Project1.swift; sourceTree = "<group>"; };
		4EC501CE2B56D8F600DAFEE4 /* Project1part2.swift */ = {isa = PBXFileReference; lastKnownFileType = sourcecode.swift; path = Project1part2.swift; sourceTree = "<group>"; };
/* End PBXFileReference section */

/* Begin PBXFrameworksBuildPhase section */
		4EB674352B56C6B700A1E2C1 /* Frameworks */ = {
			isa = PBXFrameworksBuildPhase;
			buildActionMask = 2147483647;
			files = (
			);
			runOnlyForDeploymentPostprocessing = 0;
		};
		4EB6744A2B56C6B900A1E2C1 /* Frameworks */ = {
			isa = PBXFrameworksBuildPhase;
			buildActionMask = 2147483647;
			files = (
			);
			runOnlyForDeploymentPostprocessing = 0;
		};
		4EB674542B56C6B900A1E2C1 /* Frameworks */ = {
			isa = PBXFrameworksBuildPhase;
			buildActionMask = 2147483647;
			files = (
			);
			runOnlyForDeploymentPostprocessing = 0;
		};
/* End PBXFrameworksBuildPhase section */

/* Begin PBXGroup section */
		4EB6742F2B56C6B700A1E2C1 = {
			isa = PBXGroup;
			children = (
				4EB6743A2B56C6B700A1E2C1 /* SwiftUIPractice */,
				4EB674502B56C6B900A1E2C1 /* SwiftUIPracticeTests */,
				4EB6745A2B56C6B900A1E2C1 /* SwiftUIPracticeUITests */,
				4EB674392B56C6B700A1E2C1 /* Products */,
			);
			sourceTree = "<group>";
		};
		4EB674392B56C6B700A1E2C1 /* Products */ = {
			isa = PBXGroup;
			children = (
				4EB674382B56C6B700A1E2C1 /* SwiftUIPractice.app */,
				4EB6744D2B56C6B900A1E2C1 /* SwiftUIPracticeTests.xctest */,
				4EB674572B56C6B900A1E2C1 /* SwiftUIPracticeUITests.xctest */,
			);
			name = Products;
			sourceTree = "<group>";
		};
		4EB6743A2B56C6B700A1E2C1 /* SwiftUIPractice */ = {
			isa = PBXGroup;
			children = (
				4EB6743B2B56C6B700A1E2C1 /* SwiftUIPracticeApp.swift */,
				4EB6743D2B56C6B700A1E2C1 /* ContentView.swift */,
				4EC501CC2B56D81600DAFEE4 /* Project1.swift */,
				4EC501CE2B56D8F600DAFEE4 /* Project1part2.swift */,
				4EB6743F2B56C6B900A1E2C1 /* Assets.xcassets */,
				4EB674442B56C6B900A1E2C1 /* Persistence.swift */,
				4EB674462B56C6B900A1E2C1 /* SwiftUIPractice.xcdatamodeld */,
				4EB674412B56C6B900A1E2C1 /* Preview Content */,
			);
			path = SwiftUIPractice;
			sourceTree = "<group>";
		};
		4EB674412B56C6B900A1E2C1 /* Preview Content */ = {
			isa = PBXGroup;
			children = (
				4EB674422B56C6B900A1E2C1 /* Preview Assets.xcassets */,
			);
			path = "Preview Content";
			sourceTree = "<group>";
		};
		4EB674502B56C6B900A1E2C1 /* SwiftUIPracticeTests */ = {
			isa = PBXGroup;
			children = (
				4EB674512B56C6B900A1E2C1 /* SwiftUIPracticeTests.swift */,
			);
			path = SwiftUIPracticeTests;
			sourceTree = "<group>";
		};
		4EB6745A2B56C6B900A1E2C1 /* SwiftUIPracticeUITests */ = {
			isa = PBXGroup;
			children = (
				4EB6745B2B56C6B900A1E2C1 /* SwiftUIPracticeUITests.swift */,
				4EB6745D2B56C6B900A1E2C1 /* SwiftUIPracticeUITestsLaunchTests.swift */,
			);
			path = SwiftUIPracticeUITests;
			sourceTree = "<group>";
		};
/* End PBXGroup section */

/* Begin PBXNativeTarget section */
		4EB674372B56C6B700A1E2C1 /* SwiftUIPractice */ = {
			isa = PBXNativeTarget;
			buildConfigurationList = 4EB674612B56C6B900A1E2C1 /* Build configuration list for PBXNativeTarget "SwiftUIPractice" */;
			buildPhases = (
				4EB674342B56C6B700A1E2C1 /* Sources */,
				4EB674352B56C6B700A1E2C1 /* Frameworks */,
				4EB674362B56C6B700A1E2C1 /* Resources */,
			);
			buildRules = (
			);
			dependencies = (
			);
			name = SwiftUIPractice;
			productName = SwiftUIPractice;
			productReference = 4EB674382B56C6B700A1E2C1 /* SwiftUIPractice.app */;
			productType = "com.apple.product-type.application";
		};
		4EB6744C2B56C6B900A1E2C1 /* SwiftUIPracticeTests */ = {
			isa = PBXNativeTarget;
			buildConfigurationList = 4EB674642B56C6B900A1E2C1 /* Build configuration list for PBXNativeTarget "SwiftUIPracticeTests" */;
			buildPhases = (
				4EB674492B56C6B900A1E2C1 /* Sources */,
				4EB6744A2B56C6B900A1E2C1 /* Frameworks */,
				4EB6744B2B56C6B900A1E2C1 /* Resources */,
			);
			buildRules = (
			);
			dependencies = (
				4EB6744F2B56C6B900A1E2C1 /* PBXTargetDependency */,
			);
			name = SwiftUIPracticeTests;
			productName = SwiftUIPracticeTests;
			productReference = 4EB6744D2B56C6B900A1E2C1 /* SwiftUIPracticeTests.xctest */;
			productType = "com.apple.product-type.bundle.unit-test";
		};
		4EB674562B56C6B900A1E2C1 /* SwiftUIPracticeUITests */ = {
			isa = PBXNativeTarget;
			buildConfigurationList = 4EB674672B56C6B900A1E2C1 /* Build configuration list for PBXNativeTarget "SwiftUIPracticeUITests" */;
			buildPhases = (
				4EB674532B56C6B900A1E2C1 /* Sources */,
				4EB674542B56C6B900A1E2C1 /* Frameworks */,
				4EB674552B56C6B900A1E2C1 /* Resources */,
			);
			buildRules = (
			);
			dependencies = (
				4EB674592B56C6B900A1E2C1 /* PBXTargetDependency */,
			);
			name = SwiftUIPracticeUITests;
			productName = SwiftUIPracticeUITests;
			productReference = 4EB674572B56C6B900A1E2C1 /* SwiftUIPracticeUITests.xctest */;
			productType = "com.apple.product-type.bundle.ui-testing";
		};
/* End PBXNativeTarget section */

/* Begin PBXProject section */
		4EB674302B56C6B700A1E2C1 /* Project object */ = {
			isa = PBXProject;
			attributes = {
				BuildIndependentTargetsInParallel = 1;
				LastSwiftUpdateCheck = 1510;
				LastUpgradeCheck = 1510;
				TargetAttributes = {
					4EB674372B56C6B700A1E2C1 = {
						CreatedOnToolsVersion = 15.1;
					};
					4EB6744C2B56C6B900A1E2C1 = {
						CreatedOnToolsVersion = 15.1;
						TestTargetID = 4EB674372B56C6B700A1E2C1;
					};
					4EB674562B56C6B900A1E2C1 = {
						CreatedOnToolsVersion = 15.1;
						TestTargetID = 4EB674372B56C6B700A1E2C1;
					};
				};
			};
			buildConfigurationList = 4EB674332B56C6B700A1E2C1 /* Build configuration list for PBXProject "SwiftUIPractice" */;
			compatibilityVersion = "Xcode 14.0";
			developmentRegion = en;
			hasScannedForEncodings = 0;
			knownRegions = (
				en,
				Base,
			);
			mainGroup = 4EB6742F2B56C6B700A1E2C1;
			productRefGroup = 4EB674392B56C6B700A1E2C1 /* Products */;
			projectDirPath = "";
			projectRoot = "";
			targets = (
				4EB674372B56C6B700A1E2C1 /* SwiftUIPractice */,
				4EB6744C2B56C6B900A1E2C1 /* SwiftUIPracticeTests */,
				4EB674562B56C6B900A1E2C1 /* SwiftUIPracticeUITests */,
			);
		};
/* End PBXProject section */

/* Begin PBXResourcesBuildPhase section */
		4EB674362B56C6B700A1E2C1 /* Resources */ = {
			isa = PBXResourcesBuildPhase;
			buildActionMask = 2147483647;
			files = (
				4EB674432B56C6B900A1E2C1 /* Preview Assets.xcassets in Resources */,
				4EB674402B56C6B900A1E2C1 /* Assets.xcassets in Resources */,
			);
			runOnlyForDeploymentPostprocessing = 0;
		};
		4EB6744B2B56C6B900A1E2C1 /* Resources */ = {
			isa = PBXResourcesBuildPhase;
			buildActionMask = 2147483647;
			files = (
			);
			runOnlyForDeploymentPostprocessing = 0;
		};
		4EB674552B56C6B900A1E2C1 /* Resources */ = {
			isa = PBXResourcesBuildPhase;
			buildActionMask = 2147483647;
			files = (
			);
			runOnlyForDeploymentPostprocessing = 0;
		};
/* End PBXResourcesBuildPhase section */

/* Begin PBXSourcesBuildPhase section */
		4EB674342B56C6B700A1E2C1 /* Sources */ = {
			isa = PBXSourcesBuildPhase;
			buildActionMask = 2147483647;
			files = (
				4EB674452B56C6B900A1E2C1 /* Persistence.swift in Sources */,
				4EC501CF2B56D8F600DAFEE4 /* Project1part2.swift in Sources */,
				4EB6743E2B56C6B700A1E2C1 /* ContentView.swift in Sources */,
				4EC501CD2B56D81600DAFEE4 /* Project1.swift in Sources */,
				4EB674482B56C6B900A1E2C1 /* SwiftUIPractice.xcdatamodeld in Sources */,
				4EB6743C2B56C6B700A1E2C1 /* SwiftUIPracticeApp.swift in Sources */,
			);
			runOnlyForDeploymentPostprocessing = 0;
		};
		4EB674492B56C6B900A1E2C1 /* Sources */ = {
			isa = PBXSourcesBuildPhase;
			buildActionMask = 2147483647;
			files = (
				4EB674522B56C6B900A1E2C1 /* SwiftUIPracticeTests.swift in Sources */,
			);
			runOnlyForDeploymentPostprocessing = 0;
		};
		4EB674532B56C6B900A1E2C1 /* Sources */ = {
			isa = PBXSourcesBuildPhase;
			buildActionMask = 2147483647;
			files = (
				4EB6745C2B56C6B900A1E2C1 /* SwiftUIPracticeUITests.swift in Sources */,
				4EB6745E2B56C6B900A1E2C1 /* SwiftUIPracticeUITestsLaunchTests.swift in Sources */,
			);
			runOnlyForDeploymentPostprocessing = 0;
		};
/* End PBXSourcesBuildPhase section */

/* Begin PBXTargetDependency section */
		4EB6744F2B56C6B900A1E2C1 /* PBXTargetDependency */ = {
			isa = PBXTargetDependency;
			target = 4EB674372B56C6B700A1E2C1 /* SwiftUIPractice */;
			targetProxy = 4EB6744E2B56C6B900A1E2C1 /* PBXContainerItemProxy */;
		};
		4EB674592B56C6B900A1E2C1 /* PBXTargetDependency */ = {
			isa = PBXTargetDependency;
			target = 4EB674372B56C6B700A1E2C1 /* SwiftUIPractice */;
			targetProxy = 4EB674582B56C6B900A1E2C1 /* PBXContainerItemProxy */;
		};
/* End PBXTargetDependency section */

/* Begin XCBuildConfiguration section */
		4EB6745F2B56C6B900A1E2C1 /* Debug */ = {
			isa = XCBuildConfiguration;
			buildSettings = {
				ALWAYS_SEARCH_USER_PATHS = NO;
				ASSETCATALOG_COMPILER_GENERATE_SWIFT_ASSET_SYMBOL_EXTENSIONS = YES;
				CLANG_ANALYZER_NONNULL = YES;
				CLANG_ANALYZER_NUMBER_OBJECT_CONVERSION = YES_AGGRESSIVE;
				CLANG_CXX_LANGUAGE_STANDARD = "gnu++20";
				CLANG_ENABLE_MODULES = YES;
				CLANG_ENABLE_OBJC_ARC = YES;
				CLANG_ENABLE_OBJC_WEAK = YES;
				CLANG_WARN_BLOCK_CAPTURE_AUTORELEASING = YES;
				CLANG_WARN_BOOL_CONVERSION = YES;
				CLANG_WARN_COMMA = YES;
				CLANG_WARN_CONSTANT_CONVERSION = YES;
				CLANG_WARN_DEPRECATED_OBJC_IMPLEMENTATIONS = YES;
				CLANG_WARN_DIRECT_OBJC_ISA_USAGE = YES_ERROR;
				CLANG_WARN_DOCUMENTATION_COMMENTS = YES;
				CLANG_WARN_EMPTY_BODY = YES;
				CLANG_WARN_ENUM_CONVERSION = YES;
				CLANG_WARN_INFINITE_RECURSION = YES;
				CLANG_WARN_INT_CONVERSION = YES;
				CLANG_WARN_NON_LITERAL_NULL_CONVERSION = YES;
				CLANG_WARN_OBJC_IMPLICIT_RETAIN_SELF = YES;
				CLANG_WARN_OBJC_LITERAL_CONVERSION = YES;
				CLANG_WARN_OBJC_ROOT_CLASS = YES_ERROR;
				CLANG_WARN_QUOTED_INCLUDE_IN_FRAMEWORK_HEADER = YES;
				CLANG_WARN_RANGE_LOOP_ANALYSIS = YES;
				CLANG_WARN_STRICT_PROTOTYPES = YES;
				CLANG_WARN_SUSPICIOUS_MOVE = YES;
				CLANG_WARN_UNGUARDED_AVAILABILITY = YES_AGGRESSIVE;
				CLANG_WARN_UNREACHABLE_CODE = YES;
				CLANG_WARN__DUPLICATE_METHOD_MATCH = YES;
				COPY_PHASE_STRIP = NO;
				DEBUG_INFORMATION_FORMAT = dwarf;
				ENABLE_STRICT_OBJC_MSGSEND = YES;
				ENABLE_TESTABILITY = YES;
				ENABLE_USER_SCRIPT_SANDBOXING = YES;
				GCC_C_LANGUAGE_STANDARD = gnu17;
				GCC_DYNAMIC_NO_PIC = NO;
				GCC_NO_COMMON_BLOCKS = YES;
				GCC_OPTIMIZATION_LEVEL = 0;
				GCC_PREPROCESSOR_DEFINITIONS = (
					"DEBUG=1",
					"$(inherited)",
				);
				GCC_WARN_64_TO_32_BIT_CONVERSION = YES;
				GCC_WARN_ABOUT_RETURN_TYPE = YES_ERROR;
				GCC_WARN_UNDECLARED_SELECTOR = YES;
				GCC_WARN_UNINITIALIZED_AUTOS = YES_AGGRESSIVE;
				GCC_WARN_UNUSED_FUNCTION = YES;
				GCC_WARN_UNUSED_VARIABLE = YES;
				IPHONEOS_DEPLOYMENT_TARGET = 17.2;
				LOCALIZATION_PREFERS_STRING_CATALOGS = YES;
				MTL_ENABLE_DEBUG_INFO = INCLUDE_SOURCE;
				MTL_FAST_MATH = YES;
				ONLY_ACTIVE_ARCH = YES;
				SDKROOT = iphoneos;
				SWIFT_ACTIVE_COMPILATION_CONDITIONS = "DEBUG $(inherited)";
				SWIFT_OPTIMIZATION_LEVEL = "-Onone";
			};
			name = Debug;
		};
		4EB674602B56C6B900A1E2C1 /* Release */ = {
			isa = XCBuildConfiguration;
			buildSettings = {
				ALWAYS_SEARCH_USER_PATHS = NO;
				ASSETCATALOG_COMPILER_GENERATE_SWIFT_ASSET_SYMBOL_EXTENSIONS = YES;
				CLANG_ANALYZER_NONNULL = YES;
				CLANG_ANALYZER_NUMBER_OBJECT_CONVERSION = YES_AGGRESSIVE;
				CLANG_CXX_LANGUAGE_STANDARD = "gnu++20";
				CLANG_ENABLE_MODULES = YES;
				CLANG_ENABLE_OBJC_ARC = YES;
				CLANG_ENABLE_OBJC_WEAK = YES;
				CLANG_WARN_BLOCK_CAPTURE_AUTORELEASING = YES;
				CLANG_WARN_BOOL_CONVERSION = YES;
				CLANG_WARN_COMMA = YES;
				CLANG_WARN_CONSTANT_CONVERSION = YES;
				CLANG_WARN_DEPRECATED_OBJC_IMPLEMENTATIONS = YES;
				CLANG_WARN_DIRECT_OBJC_ISA_USAGE = YES_ERROR;
				CLANG_WARN_DOCUMENTATION_COMMENTS = YES;
				CLANG_WARN_EMPTY_BODY = YES;
				CLANG_WARN_ENUM_CONVERSION = YES;
				CLANG_WARN_INFINITE_RECURSION = YES;
				CLANG_WARN_INT_CONVERSION = YES;
				CLANG_WARN_NON_LITERAL_NULL_CONVERSION = YES;
				CLANG_WARN_OBJC_IMPLICIT_RETAIN_SELF = YES;
				CLANG_WARN_OBJC_LITERAL_CONVERSION = YES;
				CLANG_WARN_OBJC_ROOT_CLASS = YES_ERROR;
				CLANG_WARN_QUOTED_INCLUDE_IN_FRAMEWORK_HEADER = YES;
				CLANG_WARN_RANGE_LOOP_ANALYSIS = YES;
				CLANG_WARN_STRICT_PROTOTYPES = YES;
				CLANG_WARN_SUSPICIOUS_MOVE = YES;
				CLANG_WARN_UNGUARDED_AVAILABILITY = YES_AGGRESSIVE;
				CLANG_WARN_UNREACHABLE_CODE = YES;
				CLANG_WARN__DUPLICATE_METHOD_MATCH = YES;
				COPY_PHASE_STRIP = NO;
				DEBUG_INFORMATION_FORMAT = "dwarf-with-dsym";
				ENABLE_NS_ASSERTIONS = NO;
				ENABLE_STRICT_OBJC_MSGSEND = YES;
				ENABLE_USER_SCRIPT_SANDBOXING = YES;
				GCC_C_LANGUAGE_STANDARD = gnu17;
				GCC_NO_COMMON_BLOCKS = YES;
				GCC_WARN_64_TO_32_BIT_CONVERSION = YES;
				GCC_WARN_ABOUT_RETURN_TYPE = YES_ERROR;
				GCC_WARN_UNDECLARED_SELECTOR = YES;
				GCC_WARN_UNINITIALIZED_AUTOS = YES_AGGRESSIVE;
				GCC_WARN_UNUSED_FUNCTION = YES;
				GCC_WARN_UNUSED_VARIABLE = YES;
				IPHONEOS_DEPLOYMENT_TARGET = 17.2;
				LOCALIZATION_PREFERS_STRING_CATALOGS = YES;
				MTL_ENABLE_DEBUG_INFO = NO;
				MTL_FAST_MATH = YES;
				SDKROOT = iphoneos;
				SWIFT_COMPILATION_MODE = wholemodule;
				VALIDATE_PRODUCT = YES;
			};
			name = Release;
		};
		4EB674622B56C6B900A1E2C1 /* Debug */ = {
			isa = XCBuildConfiguration;
			buildSettings = {
				ASSETCATALOG_COMPILER_APPICON_NAME = AppIcon;
				ASSETCATALOG_COMPILER_GLOBAL_ACCENT_COLOR_NAME = AccentColor;
				CODE_SIGN_STYLE = Automatic;
				CURRENT_PROJECT_VERSION = 1;
				DEVELOPMENT_ASSET_PATHS = "\"SwiftUIPractice/Preview Content\"";
				DEVELOPMENT_TEAM = 6YY38D67Z4;
				ENABLE_PREVIEWS = YES;
				GENERATE_INFOPLIST_FILE = YES;
				INFOPLIST_KEY_UIApplicationSceneManifest_Generation = YES;
				INFOPLIST_KEY_UIApplicationSupportsIndirectInputEvents = YES;
				INFOPLIST_KEY_UILaunchScreen_Generation = YES;
				INFOPLIST_KEY_UISupportedInterfaceOrientations_iPad = "UIInterfaceOrientationPortrait UIInterfaceOrientationPortraitUpsideDown UIInterfaceOrientationLandscapeLeft UIInterfaceOrientationLandscapeRight";
				INFOPLIST_KEY_UISupportedInterfaceOrientations_iPhone = "UIInterfaceOrientationPortrait UIInterfaceOrientationLandscapeLeft UIInterfaceOrientationLandscapeRight";
				LD_RUNPATH_SEARCH_PATHS = (
					"$(inherited)",
					"@executable_path/Frameworks",
				);
				MARKETING_VERSION = 1.0;
				PRODUCT_BUNDLE_IDENTIFIER = sd.com.sandbox.sfsfs.SwiftUIPractice;
				PRODUCT_NAME = "$(TARGET_NAME)";
				SWIFT_EMIT_LOC_STRINGS = YES;
				SWIFT_VERSION = 5.0;
				TARGETED_DEVICE_FAMILY = "1,2";
			};
			name = Debug;
		};
		4EB674632B56C6B900A1E2C1 /* Release */ = {
			isa = XCBuildConfiguration;
			buildSettings = {
				ASSETCATALOG_COMPILER_APPICON_NAME = AppIcon;
				ASSETCATALOG_COMPILER_GLOBAL_ACCENT_COLOR_NAME = AccentColor;
				CODE_SIGN_STYLE = Automatic;
				CURRENT_PROJECT_VERSION = 1;
				DEVELOPMENT_ASSET_PATHS = "\"SwiftUIPractice/Preview Content\"";
				DEVELOPMENT_TEAM = 6YY38D67Z4;
				ENABLE_PREVIEWS = YES;
				GENERATE_INFOPLIST_FILE = YES;
				INFOPLIST_KEY_UIApplicationSceneManifest_Generation = YES;
				INFOPLIST_KEY_UIApplicationSupportsIndirectInputEvents = YES;
				INFOPLIST_KEY_UILaunchScreen_Generation = YES;
				INFOPLIST_KEY_UISupportedInterfaceOrientations_iPad = "UIInterfaceOrientationPortrait UIInterfaceOrientationPortraitUpsideDown UIInterfaceOrientationLandscapeLeft UIInterfaceOrientationLandscapeRight";
				INFOPLIST_KEY_UISupportedInterfaceOrientations_iPhone = "UIInterfaceOrientationPortrait UIInterfaceOrientationLandscapeLeft UIInterfaceOrientationLandscapeRight";
				LD_RUNPATH_SEARCH_PATHS = (
					"$(inherited)",
					"@executable_path/Frameworks",
				);
				MARKETING_VERSION = 1.0;
				PRODUCT_BUNDLE_IDENTIFIER = sd.com.sandbox.sfsfs.SwiftUIPractice;
				PRODUCT_NAME = "$(TARGET_NAME)";
				SWIFT_EMIT_LOC_STRINGS = YES;
				SWIFT_VERSION = 5.0;
				TARGETED_DEVICE_FAMILY = "1,2";
			};
			name = Release;
		};
		4EB674652B56C6B900A1E2C1 /* Debug */ = {
			isa = XCBuildConfiguration;
			buildSettings = {
				ALWAYS_EMBED_SWIFT_STANDARD_LIBRARIES = YES;
				BUNDLE_LOADER = "$(TEST_HOST)";
				CODE_SIGN_STYLE = Automatic;
				CURRENT_PROJECT_VERSION = 1;
				DEVELOPMENT_TEAM = 6YY38D67Z4;
				GENERATE_INFOPLIST_FILE = YES;
				IPHONEOS_DEPLOYMENT_TARGET = 17.2;
				MARKETING_VERSION = 1.0;
				PRODUCT_BUNDLE_IDENTIFIER = sd.com.sandbox.sfsfs.SwiftUIPracticeTests;
				PRODUCT_NAME = "$(TARGET_NAME)";
				SWIFT_EMIT_LOC_STRINGS = NO;
				SWIFT_VERSION = 5.0;
				TARGETED_DEVICE_FAMILY = "1,2";
				TEST_HOST = "$(BUILT_PRODUCTS_DIR)/SwiftUIPractice.app/$(BUNDLE_EXECUTABLE_FOLDER_PATH)/SwiftUIPractice";
			};
			name = Debug;
		};
		4EB674662B56C6B900A1E2C1 /* Release */ = {
			isa = XCBuildConfiguration;
			buildSettings = {
				ALWAYS_EMBED_SWIFT_STANDARD_LIBRARIES = YES;
				BUNDLE_LOADER = "$(TEST_HOST)";
				CODE_SIGN_STYLE = Automatic;
				CURRENT_PROJECT_VERSION = 1;
				DEVELOPMENT_TEAM = 6YY38D67Z4;
				GENERATE_INFOPLIST_FILE = YES;
				IPHONEOS_DEPLOYMENT_TARGET = 17.2;
				MARKETING_VERSION = 1.0;
				PRODUCT_BUNDLE_IDENTIFIER = sd.com.sandbox.sfsfs.SwiftUIPracticeTests;
				PRODUCT_NAME = "$(TARGET_NAME)";
				SWIFT_EMIT_LOC_STRINGS = NO;
				SWIFT_VERSION = 5.0;
				TARGETED_DEVICE_FAMILY = "1,2";
				TEST_HOST = "$(BUILT_PRODUCTS_DIR)/SwiftUIPractice.app/$(BUNDLE_EXECUTABLE_FOLDER_PATH)/SwiftUIPractice";
			};
			name = Release;
		};
		4EB674682B56C6B900A1E2C1 /* Debug */ = {
			isa = XCBuildConfiguration;
			buildSettings = {
				ALWAYS_EMBED_SWIFT_STANDARD_LIBRARIES = YES;
				CODE_SIGN_STYLE = Automatic;
				CURRENT_PROJECT_VERSION = 1;
				DEVELOPMENT_TEAM = 6YY38D67Z4;
				GENERATE_INFOPLIST_FILE = YES;
				MARKETING_VERSION = 1.0;
				PRODUCT_BUNDLE_IDENTIFIER = sd.com.sandbox.sfsfs.SwiftUIPracticeUITests;
				PRODUCT_NAME = "$(TARGET_NAME)";
				SWIFT_EMIT_LOC_STRINGS = NO;
				SWIFT_VERSION = 5.0;
				TARGETED_DEVICE_FAMILY = "1,2";
				TEST_TARGET_NAME = SwiftUIPractice;
			};
			name = Debug;
		};
		4EB674692B56C6B900A1E2C1 /* Release */ = {
			isa = XCBuildConfiguration;
			buildSettings = {
				ALWAYS_EMBED_SWIFT_STANDARD_LIBRARIES = YES;
				CODE_SIGN_STYLE = Automatic;
				CURRENT_PROJECT_VERSION = 1;
				DEVELOPMENT_TEAM = 6YY38D67Z4;
				GENERATE_INFOPLIST_FILE = YES;
				MARKETING_VERSION = 1.0;
				PRODUCT_BUNDLE_IDENTIFIER = sd.com.sandbox.sfsfs.SwiftUIPracticeUITests;
				PRODUCT_NAME = "$(TARGET_NAME)";
				SWIFT_EMIT_LOC_STRINGS = NO;
				SWIFT_VERSION = 5.0;
				TARGETED_DEVICE_FAMILY = "1,2";
				TEST_TARGET_NAME = SwiftUIPractice;
			};
			name = Release;
		};
/* End XCBuildConfiguration section */

/* Begin XCConfigurationList section */
		4EB674332B56C6B700A1E2C1 /* Build configuration list for PBXProject "SwiftUIPractice" */ = {
			isa = XCConfigurationList;
			buildConfigurations = (
				4EB6745F2B56C6B900A1E2C1 /* Debug */,
				4EB674602B56C6B900A1E2C1 /* Release */,
			);
			defaultConfigurationIsVisible = 0;
			defaultConfigurationName = Release;
		};
		4EB674612B56C6B900A1E2C1 /* Build configuration list for PBXNativeTarget "SwiftUIPractice" */ = {
			isa = XCConfigurationList;
			buildConfigurations = (
				4EB674622B56C6B900A1E2C1 /* Debug */,
				4EB674632B56C6B900A1E2C1 /* Release */,
			);
			defaultConfigurationIsVisible = 0;
			defaultConfigurationName = Release;
		};
		4EB674642B56C6B900A1E2C1 /* Build configuration list for PBXNativeTarget "SwiftUIPracticeTests" */ = {
			isa = XCConfigurationList;
			buildConfigurations = (
				4EB674652B56C6B900A1E2C1 /* Debug */,
				4EB674662B56C6B900A1E2C1 /* Release */,
			);
			defaultConfigurationIsVisible = 0;
			defaultConfigurationName = Release;
		};
		4EB674672B56C6B900A1E2C1 /* Build configuration list for PBXNativeTarget "SwiftUIPracticeUITests" */ = {
			isa = XCConfigurationList;
			buildConfigurations = (
				4EB674682B56C6B900A1E2C1 /* Debug */,
				4EB674692B56C6B900A1E2C1 /* Release */,
			);
			defaultConfigurationIsVisible = 0;
			defaultConfigurationName = Release;
		};
/* End XCConfigurationList section */

/* Begin XCVersionGroup section */
		4EB674462B56C6B900A1E2C1 /* SwiftUIPractice.xcdatamodeld */ = {
			isa = XCVersionGroup;
			children = (
				4EB674472B56C6B900A1E2C1 /* SwiftUIPractice.xcdatamodel */,
			);
			currentVersion = 4EB674472B56C6B900A1E2C1 /* SwiftUIPractice.xcdatamodel */;
			path = SwiftUIPractice.xcdatamodeld;
			sourceTree = "<group>";
			versionGroupType = wrapper.xcdatamodel;
		};
/* End XCVersionGroup section */
	};
	rootObject = 4EB674302B56C6B700A1E2C1 /* Project object */;
}
